
Microsoft Visual Studio Solution File, Format Version 12.00
# Visual Studio 15
VisualStudioVersion = 15.0.27130.2010
MinimumVisualStudioVersion = 10.0.40219.1
Project("{FAE04EC0-301F-11D3-BF4B-00C04F79EFBC}") = "CognitiveLib", "CognitiveLib\CognitiveLib.csproj", "{BDCDE1EC-FAEB-43F7-B762-8712570FAD84}"
EndProject
Project("{FAE04EC0-301F-11D3-BF4B-00C04F79EFBC}") = "TestApp", "TestApp\TestApp.csproj", "{72B5FEE0-3EBB-4ABA-8AAE-CCBF63B47421}"
EndProject
Project("{FAE04EC0-301F-11D3-BF4B-00C04F79EFBC}") = "WebApplication", "WebApplication\WebApplication.csproj", "{491CBD23-C874-48D7-BD38-DE416AAA0EB1}"
EndProject
Global
	GlobalSection(SolutionConfigurationPlatforms) = preSolution
		Debug|Any CPU = Debug|Any CPU
		Release|Any CPU = Release|Any CPU
	EndGlobalSection
	GlobalSection(ProjectConfigurationPlatforms) = postSolution
		{BDCDE1EC-FAEB-43F7-B762-8712570FAD84}.Debug|Any CPU.ActiveCfg = Debug|Any CPU
		{BDCDE1EC-FAEB-43F7-B762-8712570FAD84}.Debug|Any CPU.Build.0 = Debug|Any CPU
		{BDCDE1EC-FAEB-43F7-B762-8712570FAD84}.Release|Any CPU.ActiveCfg = Release|Any CPU
		{BDCDE1EC-FAEB-43F7-B762-8712570FAD84}.Release|Any CPU.Build.0 = Release|Any CPU
		{72B5FEE0-3EBB-4ABA-8AAE-CCBF63B47421}.Debug|Any CPU.ActiveCfg = Debug|Any CPU
		{72B5FEE0-3EBB-4ABA-8AAE-CCBF63B47421}.Debug|Any CPU.Build.0 = Debug|Any CPU
		{72B5FEE0-3EBB-4ABA-8AAE-CCBF63B47421}.Release|Any CPU.ActiveCfg = Release|Any CPU
		{72B5FEE0-3EBB-4ABA-8AAE-CCBF63B47421}.Release|Any CPU.Build.0 = Release|Any CPU
		{491CBD23-C874-48D7-BD38-DE416AAA0EB1}.Debug|Any CPU.ActiveCfg = Debug|Any CPU
		{491CBD23-C874-48D7-BD38-DE416AAA0EB1}.Debug|Any CPU.Build.0 = Debug|Any CPU
		{491CBD23-C874-48D7-BD38-DE416AAA0EB1}.Release|Any CPU.ActiveCfg = Release|Any CPU
		{491CBD23-C874-48D7-BD38-DE416AAA0EB1}.Release|Any CPU.Build.0 = Release|Any CPU
	EndGlobalSection
	GlobalSection(SolutionProperties) = preSolution
		HideSolutionNode = FALSE
	EndGlobalSection
	GlobalSection(ExtensibilityGlobals) = postSolution
		SolutionGuid = {9D2419A1-81D6-4A7D-999A-D5A821BEB058}
	EndGlobalSection
EndGlobal
